
Microsoft Visual Studio Solution File, Format Version 9.00
# Visual C++ Express 2005
Project("{8BC9CEB8-8B4A-11D0-8D11-00A0C91BC942}") = "univm", "univm\univm.vcproj", "{9DB5FDAF-730D-4C6B-85BD-ADA1306BA85D}"
EndProject
Global
	GlobalSection(SolutionConfigurationPlatforms) = preSolution
		Debug|Win32 = Debug|Win32
		Release|Win32 = Release|Win32
	EndGlobalSection
	GlobalSection(ProjectConfigurationPlatforms) = postSolution
		{9DB5FDAF-730D-4C6B-85BD-ADA1306BA85D}.Debug|Win32.ActiveCfg = Debug|Win32
		{9DB5FDAF-730D-4C6B-85BD-ADA1306BA85D}.Debug|Win32.Build.0 = Debug|Win32
		{9DB5FDAF-730D-4C6B-85BD-ADA1306BA85D}.Release|Win32.ActiveCfg = Release|Win32
		{9DB5FDAF-730D-4C6B-85BD-ADA1306BA85D}.Release|Win32.Build.0 = Release|Win32
	EndGlobalSection
	GlobalSection(SolutionProperties) = preSolution
		HideSolutionNode = FALSE
	EndGlobalSection
EndGlobal
